
Microsoft Visual Studio Solution File, Format Version 12.00
# Visual Studio Version 16
VisualStudioVersion = 16.0.30804.86
MinimumVisualStudioVersion = 10.0.40219.1
Project("{2150E333-8FDC-42A3-9474-1A3956D46DE8}") = "Source", "Source", "{0317DF35-F5C5-4986-BA37-40C28554268F}"
EndProject
Project("{2150E333-8FDC-42A3-9474-1A3956D46DE8}") = "SolutionItems", "SolutionItems", "{275B08FA-6837-4A32-B890-0ADE2DE4C3F7}"
	ProjectSection(SolutionItems) = preProject
		Features.md = Features.md
		LICENSE = LICENSE
		README.md = README.md
	EndProjectSection
EndProject
Project("{2150E333-8FDC-42A3-9474-1A3956D46DE8}") = "Client", "Client", "{885BB018-5B07-4038-B061-71B70188933B}"
EndProject
Project("{2150E333-8FDC-42A3-9474-1A3956D46DE8}") = "Core", "Core", "{D564603F-8CDE-4D4C-9683-67FA9DCE7F12}"
EndProject
Project("{2150E333-8FDC-42A3-9474-1A3956D46DE8}") = "Infrastructure", "Infrastructure", "{39A93E2F-51DE-47C0-93AF-A24561630C18}"
EndProject
Project("{9A19103F-16F7-4668-BE54-9A1E7A4F7556}") = "Server", "src\Server\Server.csproj", "{E306E167-C5CB-470B-A55E-60843F143B05}"
	ProjectSection(ProjectDependencies) = postProject
		{D22763DC-33FD-453E-AF00-A2028689F978} = {D22763DC-33FD-453E-AF00-A2028689F978}
	EndProjectSection
EndProject
Project("{9A19103F-16F7-4668-BE54-9A1E7A4F7556}") = "Client", "src\Client\Client.csproj", "{DB1309A5-3FAB-48EC-B5DF-582E8DFFE138}"
EndProject
Project("{2150E333-8FDC-42A3-9474-1A3956D46DE8}") = "Server", "Server", "{BAC861DD-C8B1-40D7-AE95-BCA8FA3F8966}"
EndProject
Project("{9A19103F-16F7-4668-BE54-9A1E7A4F7556}") = "Domain", "src\Domain\Domain.csproj", "{A7B45D03-7C88-4D69-B932-40A9D5B755C2}"
EndProject
Project("{9A19103F-16F7-4668-BE54-9A1E7A4F7556}") = "Application", "src\Application\Application.csproj", "{9C175F31-4041-47AF-9577-D7AC488C2DFA}"
EndProject
Project("{9A19103F-16F7-4668-BE54-9A1E7A4F7556}") = "Infrastructure", "src\Infrastructure\Infrastructure.csproj", "{4B1846FD-5793-47BD-B89D-ABFB53141272}"
EndProject
Project("{2150E333-8FDC-42A3-9474-1A3956D46DE8}") = "Tests", "Tests", "{1D491AAE-7A45-4B6B-9E3B-F8F3F0EFDED5}"
EndProject
Project("{2150E333-8FDC-42A3-9474-1A3956D46DE8}") = "Web", "Web", "{FFBDEDF1-17E2-4F72-AE03-C99B44D8BFCA}"
EndProject
Project("{9A19103F-16F7-4668-BE54-9A1E7A4F7556}") = "Shared", "src\Shared\Shared.csproj", "{D22763DC-33FD-453E-AF00-A2028689F978}"
EndProject
Project("{2150E333-8FDC-42A3-9474-1A3956D46DE8}") = "Shared", "Shared", "{34B1D3CA-BBB6-449E-82A7-DF2BDBC9838F}"
EndProject
Project("{9A19103F-16F7-4668-BE54-9A1E7A4F7556}") = "Client.Infrastructure", "src\Client.Infrastructure\Client.Infrastructure.csproj", "{6B3A1D03-E35E-4579-A24A-E3343D024B4B}"
EndProject
Project("{9A19103F-16F7-4668-BE54-9A1E7A4F7556}") = "Infrastructure.Shared", "src\Infrastructure.Shared\Infrastructure.Shared.csproj", "{BFAD2E2A-8C7C-4357-9C81-D2ECDEEFC0F1}"
EndProject
Project("{E53339B2-1760-4266-BCC7-CA923CBCF16C}") = "docker-compose", "docker-compose.dcproj", "{161B234C-6018-4CE5-86B2-0EA95A53982D}"
EndProject
Global
	GlobalSection(SolutionConfigurationPlatforms) = preSolution
		Debug|Any CPU = Debug|Any CPU
		Release|Any CPU = Release|Any CPU
	EndGlobalSection
	GlobalSection(ProjectConfigurationPlatforms) = postSolution
		{E306E167-C5CB-470B-A55E-60843F143B05}.Debug|Any CPU.ActiveCfg = Debug|Any CPU
		{E306E167-C5CB-470B-A55E-60843F143B05}.Debug|Any CPU.Build.0 = Debug|Any CPU
		{E306E167-C5CB-470B-A55E-60843F143B05}.Release|Any CPU.ActiveCfg = Release|Any CPU
		{E306E167-C5CB-470B-A55E-60843F143B05}.Release|Any CPU.Build.0 = Release|Any CPU
		{DB1309A5-3FAB-48EC-B5DF-582E8DFFE138}.Debug|Any CPU.ActiveCfg = Debug|Any CPU
		{DB1309A5-3FAB-48EC-B5DF-582E8DFFE138}.Debug|Any CPU.Build.0 = Debug|Any CPU
		{DB1309A5-3FAB-48EC-B5DF-582E8DFFE138}.Release|Any CPU.ActiveCfg = Release|Any CPU
		{DB1309A5-3FAB-48EC-B5DF-582E8DFFE138}.Release|Any CPU.Build.0 = Release|Any CPU
		{A7B45D03-7C88-4D69-B932-40A9D5B755C2}.Debug|Any CPU.ActiveCfg = Debug|Any CPU
		{A7B45D03-7C88-4D69-B932-40A9D5B755C2}.Debug|Any CPU.Build.0 = Debug|Any CPU
		{A7B45D03-7C88-4D69-B932-40A9D5B755C2}.Release|Any CPU.ActiveCfg = Release|Any CPU
		{A7B45D03-7C88-4D69-B932-40A9D5B755C2}.Release|Any CPU.Build.0 = Release|Any CPU
		{9C175F31-4041-47AF-9577-D7AC488C2DFA}.Debug|Any CPU.ActiveCfg = Debug|Any CPU
		{9C175F31-4041-47AF-9577-D7AC488C2DFA}.Debug|Any CPU.Build.0 = Debug|Any CPU
		{9C175F31-4041-47AF-9577-D7AC488C2DFA}.Release|Any CPU.ActiveCfg = Release|Any CPU
		{9C175F31-4041-47AF-9577-D7AC488C2DFA}.Release|Any CPU.Build.0 = Release|Any CPU
		{4B1846FD-5793-47BD-B89D-ABFB53141272}.Debug|Any CPU.ActiveCfg = Debug|Any CPU
		{4B1846FD-5793-47BD-B89D-ABFB53141272}.Debug|Any CPU.Build.0 = Debug|Any CPU
		{4B1846FD-5793-47BD-B89D-ABFB53141272}.Release|Any CPU.ActiveCfg = Release|Any CPU
		{4B1846FD-5793-47BD-B89D-ABFB53141272}.Release|Any CPU.Build.0 = Release|Any CPU
		{D22763DC-33FD-453E-AF00-A2028689F978}.Debug|Any CPU.ActiveCfg = Debug|Any CPU
		{D22763DC-33FD-453E-AF00-A2028689F978}.Debug|Any CPU.Build.0 = Debug|Any CPU
		{D22763DC-33FD-453E-AF00-A2028689F978}.Release|Any CPU.ActiveCfg = Release|Any CPU
		{D22763DC-33FD-453E-AF00-A2028689F978}.Release|Any CPU.Build.0 = Release|Any CPU
		{6B3A1D03-E35E-4579-A24A-E3343D024B4B}.Debug|Any CPU.ActiveCfg = Debug|Any CPU
		{6B3A1D03-E35E-4579-A24A-E3343D024B4B}.Debug|Any CPU.Build.0 = Debug|Any CPU
		{6B3A1D03-E35E-4579-A24A-E3343D024B4B}.Release|Any CPU.ActiveCfg = Release|Any CPU
		{6B3A1D03-E35E-4579-A24A-E3343D024B4B}.Release|Any CPU.Build.0 = Release|Any CPU
		{BFAD2E2A-8C7C-4357-9C81-D2ECDEEFC0F1}.Debug|Any CPU.ActiveCfg = Debug|Any CPU
		{BFAD2E2A-8C7C-4357-9C81-D2ECDEEFC0F1}.Debug|Any CPU.Build.0 = Debug|Any CPU
		{BFAD2E2A-8C7C-4357-9C81-D2ECDEEFC0F1}.Release|Any CPU.ActiveCfg = Release|Any CPU
		{BFAD2E2A-8C7C-4357-9C81-D2ECDEEFC0F1}.Release|Any CPU.Build.0 = Release|Any CPU
		{161B234C-6018-4CE5-86B2-0EA95A53982D}.Debug|Any CPU.ActiveCfg = Debug|Any CPU
		{161B234C-6018-4CE5-86B2-0EA95A53982D}.Release|Any CPU.ActiveCfg = Release|Any CPU
		{161B234C-6018-4CE5-86B2-0EA95A53982D}.Release|Any CPU.Build.0 = Release|Any CPU
	EndGlobalSection
	GlobalSection(SolutionProperties) = preSolution
		HideSolutionNode = FALSE
	EndGlobalSection
	GlobalSection(NestedProjects) = preSolution
		{885BB018-5B07-4038-B061-71B70188933B} = {FFBDEDF1-17E2-4F72-AE03-C99B44D8BFCA}
		{D564603F-8CDE-4D4C-9683-67FA9DCE7F12} = {0317DF35-F5C5-4986-BA37-40C28554268F}
		{39A93E2F-51DE-47C0-93AF-A24561630C18} = {0317DF35-F5C5-4986-BA37-40C28554268F}
		{E306E167-C5CB-470B-A55E-60843F143B05} = {BAC861DD-C8B1-40D7-AE95-BCA8FA3F8966}
		{DB1309A5-3FAB-48EC-B5DF-582E8DFFE138} = {885BB018-5B07-4038-B061-71B70188933B}
		{BAC861DD-C8B1-40D7-AE95-BCA8FA3F8966} = {FFBDEDF1-17E2-4F72-AE03-C99B44D8BFCA}
		{A7B45D03-7C88-4D69-B932-40A9D5B755C2} = {D564603F-8CDE-4D4C-9683-67FA9DCE7F12}
		{9C175F31-4041-47AF-9577-D7AC488C2DFA} = {D564603F-8CDE-4D4C-9683-67FA9DCE7F12}
		{4B1846FD-5793-47BD-B89D-ABFB53141272} = {39A93E2F-51DE-47C0-93AF-A24561630C18}
		{FFBDEDF1-17E2-4F72-AE03-C99B44D8BFCA} = {0317DF35-F5C5-4986-BA37-40C28554268F}
		{D22763DC-33FD-453E-AF00-A2028689F978} = {34B1D3CA-BBB6-449E-82A7-DF2BDBC9838F}
		{34B1D3CA-BBB6-449E-82A7-DF2BDBC9838F} = {0317DF35-F5C5-4986-BA37-40C28554268F}
		{6B3A1D03-E35E-4579-A24A-E3343D024B4B} = {885BB018-5B07-4038-B061-71B70188933B}
		{BFAD2E2A-8C7C-4357-9C81-D2ECDEEFC0F1} = {39A93E2F-51DE-47C0-93AF-A24561630C18}
	EndGlobalSection
	GlobalSection(ExtensibilityGlobals) = postSolution
		SolutionGuid = {ED3E6669-AEC5-4A3B-9E57-2A81DE87BAAF}
	EndGlobalSection
EndGlobal
